
Microsoft Visual Studio Solution File, Format Version 12.00
# Visual Studio Version 16
VisualStudioVersion = 16.0.33927.289
MinimumVisualStudioVersion = 10.0.40219.1
Project("{2150E333-8FDC-42A3-9474-1A3956D46DE8}") = "Task0", "Task0", "{4F02E852-49D6-4333-920C-957D91543563}"
EndProject
Project("{FAE04EC0-301F-11D3-BF4B-00C04F79EFBC}") = "Tyuiu.VolovikovMV.Sprint0.Taks0.V0", "Tyuiu.VolovikovMV.Sprint0.Taks0.V0\Tyuiu.VolovikovMV.Sprint0.Taks0.V0.csproj", "{6F2E68EC-3C45-4366-906C-D9D5DA4F8C76}"
EndProject
Project("{2150E333-8FDC-42A3-9474-1A3956D46DE8}") = "Task1", "Task1", "{279D08D2-13C8-48C6-BEC5-A7CEFB423AF7}"
EndProject
Project("{FAE04EC0-301F-11D3-BF4B-00C04F79EFBC}") = "Tyuiu.VolovikovMV.Sprint0.Task1.V0", "Tyuiu.VolovikovMV.Sprint0.Task1.V0\Tyuiu.VolovikovMV.Sprint0.Task1.V0.csproj", "{6ADE5807-BD20-40EF-B1AE-983938D6565A}"
EndProject
Project("{2150E333-8FDC-42A3-9474-1A3956D46DE8}") = "Task2", "Task2", "{43D6B14A-B72F-4B35-9C6D-4E95E8BB0FB2}"
EndProject
Project("{FAE04EC0-301F-11D3-BF4B-00C04F79EFBC}") = "Tyuiu.VolovikovMV.Sprint0.Task3.V0", "Tyuiu.VolovikovMV.Sprint0.Task2.V0\Tyuiu.VolovikovMV.Sprint0.Task3.V0.csproj", "{5A921FD0-2D7C-4DAB-86AE-6A5F977DF622}"
EndProject
Project("{FAE04EC0-301F-11D3-BF4B-00C04F79EFBC}") = "Tyuiu.VolovikovMV.Sprint0.Task3.V0.Lib", "Tyuiu.VolovikovMV.Sprint0.Task2.V0.Lib\Tyuiu.VolovikovMV.Sprint0.Task3.V0.Lib.csproj", "{47079741-E90A-4066-AD57-22557399CFE9}"
EndProject
Project("{FAE04EC0-301F-11D3-BF4B-00C04F79EFBC}") = "Tyuiu.VolovikovMV.Sprint0.Task3.V0.Test", "Tyuiu.VolovikovMV.Sprint0.Task2.V0.Test\Tyuiu.VolovikovMV.Sprint0.Task3.V0.Test.csproj", "{012996CC-9991-43BE-8487-EE98D1576C5D}"
EndProject
Project("{2150E333-8FDC-42A3-9474-1A3956D46DE8}") = "Task3", "Task3", "{396EE36E-9315-4FA9-8A92-793D244A284D}"
EndProject
Project("{FAE04EC0-301F-11D3-BF4B-00C04F79EFBC}") = "Tyuiu.VolovikovMV.Sprint0.Task2.V0", "Tyuiu.VolovikovMV.Sprint0.Task2.V0\Tyuiu.VolovikovMV.Sprint0.Task2.V0.csproj", "{B476E284-5A55-47D8-8971-12C6BD8BC337}"
EndProject
Project("{FAE04EC0-301F-11D3-BF4B-00C04F79EFBC}") = "Tyuiu.VolovikovMV.Sprint0.Task2.V0.Lib", "Tyuiu.VolovikovMV.Sprint0.Task2.V0.Lib\Tyuiu.VolovikovMV.Sprint0.Task2.V0.Lib.csproj", "{7988DEA2-AF48-4E26-8F91-189A5FE62FAC}"
EndProject
Project("{FAE04EC0-301F-11D3-BF4B-00C04F79EFBC}") = "Tyuiu.VolovikovMV.Sprint0.Task2.V0.Test", "Tyuiu.VolovikovMV.Sprint0.Task2.V0.Test\Tyuiu.VolovikovMV.Sprint0.Task2.V0.Test.csproj", "{5283A149-29A7-4EFA-9DC8-22142041F91B}"
EndProject
Project("{2150E333-8FDC-42A3-9474-1A3956D46DE8}") = "Task4", "Task4", "{274D4F01-D417-4B73-9BE6-096681183265}"
EndProject
Project("{FAE04EC0-301F-11D3-BF4B-00C04F79EFBC}") = "Tyuiu.VolovikovMV.Sprint0.Task4.V0", "Tyuiu.VolovikovMV.Sprint0.Task4.V0\Tyuiu.VolovikovMV.Sprint0.Task4.V0.csproj", "{8D6D8F10-FC66-409E-9541-7E8820FA5C3B}"
EndProject
Project("{FAE04EC0-301F-11D3-BF4B-00C04F79EFBC}") = "Tyuiu.VolovikovMV.Sprint0.Task4.V0.Lib", "Tyuiu.VolovikovMV.Sprint0.Task4.V0.Lib\Tyuiu.VolovikovMV.Sprint0.Task4.V0.Lib.csproj", "{7202024E-9887-47ED-866B-06A6137690B0}"
EndProject
Project("{FAE04EC0-301F-11D3-BF4B-00C04F79EFBC}") = "Tyuiu.VolovikovMV.Sprint0.Task4.V0.Test", "Tyuiu.VolovikovMV.Sprint0.Task4.V0.Test\Tyuiu.VolovikovMV.Sprint0.Task4.V0.Test.csproj", "{03ED6956-97BD-4009-B050-956CC7848ECF}"
EndProject
Project("{2150E333-8FDC-42A3-9474-1A3956D46DE8}") = "Task5", "Task5", "{0E5F0E9E-E22E-4062-8EED-68509A818F12}"
EndProject
Project("{FAE04EC0-301F-11D3-BF4B-00C04F79EFBC}") = "Tyuiu.VolovikovMV.Sprint0.Task5.V0", "Tyuiu.VolovikovMV.Sprint0.Task5.V0\Tyuiu.VolovikovMV.Sprint0.Task5.V0.csproj", "{DD6A804A-08FD-4B1B-9C00-B4C4568E9237}"
EndProject
Project("{FAE04EC0-301F-11D3-BF4B-00C04F79EFBC}") = "Tyuiu.VolovikovMV.Sprint0.Task5.V0.Lib", "Tyuiu.VolovikovMV.Sprint0.Task5.V0.Lib\Tyuiu.VolovikovMV.Sprint0.Task5.V0.Lib.csproj", "{482C5AF9-CAD9-462C-9EAF-E3C6364A185E}"
EndProject
Project("{FAE04EC0-301F-11D3-BF4B-00C04F79EFBC}") = "Tyuiu.VolovikovMV.Sprint0.Task5.V0.Test", "Tyuiu.VolovikovMV.Sprint0.Task5.V0.Test\Tyuiu.VolovikovMV.Sprint0.Task5.V0.Test.csproj", "{9B2F05F8-2C0B-425D-89EB-9758263BC77F}"
EndProject
Project("{2150E333-8FDC-42A3-9474-1A3956D46DE8}") = "Task6", "Task6", "{609FE8D7-C6E8-447C-8637-CE6C5F7E51BC}"
EndProject
Project("{FAE04EC0-301F-11D3-BF4B-00C04F79EFBC}") = "Tyuiu.VolovikovMV.Sprint0.Task6.V0", "Tyuiu.VolovikovMV.Sprint0.Task6.V0\Tyuiu.VolovikovMV.Sprint0.Task6.V0.csproj", "{4BE8DCF1-DB6E-47AE-84E1-C95E2067DC46}"
EndProject
Project("{FAE04EC0-301F-11D3-BF4B-00C04F79EFBC}") = "Tyuiu.VolovikovMV.Sprint0.Task6.V0.Test", "Tyuiu.VolovikovMV.Sprint0.Task6.V0.Test\Tyuiu.VolovikovMV.Sprint0.Task6.V0.Test.csproj", "{8E8A690D-9263-409A-929B-1F0B43368E42}"
EndProject
Project("{FAE04EC0-301F-11D3-BF4B-00C04F79EFBC}") = "Tyuiu.VolovikovMV.Sprint0.Task6.V0.Lib", "Tyuiu.VolovikovMV.Sprint0.Task6.V0.Lib\Tyuiu.VolovikovMV.Sprint0.Task6.V0.Lib.csproj", "{1C1E306C-00A6-41E6-8CE4-E5D8844B36F8}"
EndProject
Project("{2150E333-8FDC-42A3-9474-1A3956D46DE8}") = "Task7", "Task7", "{43CC5DDF-6723-4123-A4EE-28C89D640685}"
EndProject
Project("{FAE04EC0-301F-11D3-BF4B-00C04F79EFBC}") = "Tyuiu.VolovikovMV.Sprint0.Task7.V0.Lib", "Tyuiu.VolovikovMV.Sprint0.Task7.V0.Lib\Tyuiu.VolovikovMV.Sprint0.Task7.V0.Lib.csproj", "{3A0D0A5C-E0B3-497A-BC69-3CB96183DFED}"
EndProject
Project("{FAE04EC0-301F-11D3-BF4B-00C04F79EFBC}") = "Tyuiu.VolovikovMV.Sprint0.Task7.V0.Test", "Tyuiu.VolovikovMV.Sprint0.Task7.V0.Test\Tyuiu.VolovikovMV.Sprint0.Task7.V0.Test.csproj", "{9CD9D859-A661-432A-AC0E-63E50504D41E}"
EndProject
Project("{FAE04EC0-301F-11D3-BF4B-00C04F79EFBC}") = "Tyuiu.VolovikovMV.Sprint0.Task7.V0", "Tyuiu.VolovikovMV.Sprint0.Task7.V0\Tyuiu.VolovikovMV.Sprint0.Task7.V0.csproj", "{0F421CD3-4278-4AFC-9ED1-5E1E3FD5B17C}"
EndProject
Global
	GlobalSection(SolutionConfigurationPlatforms) = preSolution
		Debug|Any CPU = Debug|Any CPU
		Release|Any CPU = Release|Any CPU
	EndGlobalSection
	GlobalSection(ProjectConfigurationPlatforms) = postSolution
		{6F2E68EC-3C45-4366-906C-D9D5DA4F8C76}.Debug|Any CPU.ActiveCfg = Debug|Any CPU
		{6F2E68EC-3C45-4366-906C-D9D5DA4F8C76}.Debug|Any CPU.Build.0 = Debug|Any CPU
		{6F2E68EC-3C45-4366-906C-D9D5DA4F8C76}.Release|Any CPU.ActiveCfg = Release|Any CPU
		{6F2E68EC-3C45-4366-906C-D9D5DA4F8C76}.Release|Any CPU.Build.0 = Release|Any CPU
		{6ADE5807-BD20-40EF-B1AE-983938D6565A}.Debug|Any CPU.ActiveCfg = Debug|Any CPU
		{6ADE5807-BD20-40EF-B1AE-983938D6565A}.Debug|Any CPU.Build.0 = Debug|Any CPU
		{6ADE5807-BD20-40EF-B1AE-983938D6565A}.Release|Any CPU.ActiveCfg = Release|Any CPU
		{6ADE5807-BD20-40EF-B1AE-983938D6565A}.Release|Any CPU.Build.0 = Release|Any CPU
		{5A921FD0-2D7C-4DAB-86AE-6A5F977DF622}.Debug|Any CPU.ActiveCfg = Debug|Any CPU
		{5A921FD0-2D7C-4DAB-86AE-6A5F977DF622}.Debug|Any CPU.Build.0 = Debug|Any CPU
		{5A921FD0-2D7C-4DAB-86AE-6A5F977DF622}.Release|Any CPU.ActiveCfg = Release|Any CPU
		{5A921FD0-2D7C-4DAB-86AE-6A5F977DF622}.Release|Any CPU.Build.0 = Release|Any CPU
		{47079741-E90A-4066-AD57-22557399CFE9}.Debug|Any CPU.ActiveCfg = Debug|Any CPU
		{47079741-E90A-4066-AD57-22557399CFE9}.Debug|Any CPU.Build.0 = Debug|Any CPU
		{47079741-E90A-4066-AD57-22557399CFE9}.Release|Any CPU.ActiveCfg = Release|Any CPU
		{47079741-E90A-4066-AD57-22557399CFE9}.Release|Any CPU.Build.0 = Release|Any CPU
		{012996CC-9991-43BE-8487-EE98D1576C5D}.Debug|Any CPU.ActiveCfg = Debug|Any CPU
		{012996CC-9991-43BE-8487-EE98D1576C5D}.Debug|Any CPU.Build.0 = Debug|Any CPU
		{012996CC-9991-43BE-8487-EE98D1576C5D}.Release|Any CPU.ActiveCfg = Release|Any CPU
		{012996CC-9991-43BE-8487-EE98D1576C5D}.Release|Any CPU.Build.0 = Release|Any CPU
		{B476E284-5A55-47D8-8971-12C6BD8BC337}.Debug|Any CPU.ActiveCfg = Debug|Any CPU
		{B476E284-5A55-47D8-8971-12C6BD8BC337}.Debug|Any CPU.Build.0 = Debug|Any CPU
		{B476E284-5A55-47D8-8971-12C6BD8BC337}.Release|Any CPU.ActiveCfg = Release|Any CPU
		{B476E284-5A55-47D8-8971-12C6BD8BC337}.Release|Any CPU.Build.0 = Release|Any CPU
		{7988DEA2-AF48-4E26-8F91-189A5FE62FAC}.Debug|Any CPU.ActiveCfg = Debug|Any CPU
		{7988DEA2-AF48-4E26-8F91-189A5FE62FAC}.Debug|Any CPU.Build.0 = Debug|Any CPU
		{7988DEA2-AF48-4E26-8F91-189A5FE62FAC}.Release|Any CPU.ActiveCfg = Release|Any CPU
		{7988DEA2-AF48-4E26-8F91-189A5FE62FAC}.Release|Any CPU.Build.0 = Release|Any CPU
		{5283A149-29A7-4EFA-9DC8-22142041F91B}.Debug|Any CPU.ActiveCfg = Debug|Any CPU
		{5283A149-29A7-4EFA-9DC8-22142041F91B}.Debug|Any CPU.Build.0 = Debug|Any CPU
		{5283A149-29A7-4EFA-9DC8-22142041F91B}.Release|Any CPU.ActiveCfg = Release|Any CPU
		{5283A149-29A7-4EFA-9DC8-22142041F91B}.Release|Any CPU.Build.0 = Release|Any CPU
		{8D6D8F10-FC66-409E-9541-7E8820FA5C3B}.Debug|Any CPU.ActiveCfg = Debug|Any CPU
		{8D6D8F10-FC66-409E-9541-7E8820FA5C3B}.Debug|Any CPU.Build.0 = Debug|Any CPU
		{8D6D8F10-FC66-409E-9541-7E8820FA5C3B}.Release|Any CPU.ActiveCfg = Release|Any CPU
		{8D6D8F10-FC66-409E-9541-7E8820FA5C3B}.Release|Any CPU.Build.0 = Release|Any CPU
		{7202024E-9887-47ED-866B-06A6137690B0}.Debug|Any CPU.ActiveCfg = Debug|Any CPU
		{7202024E-9887-47ED-866B-06A6137690B0}.Debug|Any CPU.Build.0 = Debug|Any CPU
		{7202024E-9887-47ED-866B-06A6137690B0}.Release|Any CPU.ActiveCfg = Release|Any CPU
		{7202024E-9887-47ED-866B-06A6137690B0}.Release|Any CPU.Build.0 = Release|Any CPU
		{03ED6956-97BD-4009-B050-956CC7848ECF}.Debug|Any CPU.ActiveCfg = Debug|Any CPU
		{03ED6956-97BD-4009-B050-956CC7848ECF}.Debug|Any CPU.Build.0 = Debug|Any CPU
		{03ED6956-97BD-4009-B050-956CC7848ECF}.Release|Any CPU.ActiveCfg = Release|Any CPU
		{03ED6956-97BD-4009-B050-956CC7848ECF}.Release|Any CPU.Build.0 = Release|Any CPU
		{DD6A804A-08FD-4B1B-9C00-B4C4568E9237}.Debug|Any CPU.ActiveCfg = Debug|Any CPU
		{DD6A804A-08FD-4B1B-9C00-B4C4568E9237}.Debug|Any CPU.Build.0 = Debug|Any CPU
		{DD6A804A-08FD-4B1B-9C00-B4C4568E9237}.Release|Any CPU.ActiveCfg = Release|Any CPU
		{DD6A804A-08FD-4B1B-9C00-B4C4568E9237}.Release|Any CPU.Build.0 = Release|Any CPU
		{482C5AF9-CAD9-462C-9EAF-E3C6364A185E}.Debug|Any CPU.ActiveCfg = Debug|Any CPU
		{482C5AF9-CAD9-462C-9EAF-E3C6364A185E}.Debug|Any CPU.Build.0 = Debug|Any CPU
		{482C5AF9-CAD9-462C-9EAF-E3C6364A185E}.Release|Any CPU.ActiveCfg = Release|Any CPU
		{482C5AF9-CAD9-462C-9EAF-E3C6364A185E}.Release|Any CPU.Build.0 = Release|Any CPU
		{9B2F05F8-2C0B-425D-89EB-9758263BC77F}.Debug|Any CPU.ActiveCfg = Debug|Any CPU
		{9B2F05F8-2C0B-425D-89EB-9758263BC77F}.Debug|Any CPU.Build.0 = Debug|Any CPU
		{9B2F05F8-2C0B-425D-89EB-9758263BC77F}.Release|Any CPU.ActiveCfg = Release|Any CPU
		{9B2F05F8-2C0B-425D-89EB-9758263BC77F}.Release|Any CPU.Build.0 = Release|Any CPU
		{4BE8DCF1-DB6E-47AE-84E1-C95E2067DC46}.Debug|Any CPU.ActiveCfg = Debug|Any CPU
		{4BE8DCF1-DB6E-47AE-84E1-C95E2067DC46}.Debug|Any CPU.Build.0 = Debug|Any CPU
		{4BE8DCF1-DB6E-47AE-84E1-C95E2067DC46}.Release|Any CPU.ActiveCfg = Release|Any CPU
		{4BE8DCF1-DB6E-47AE-84E1-C95E2067DC46}.Release|Any CPU.Build.0 = Release|Any CPU
		{8E8A690D-9263-409A-929B-1F0B43368E42}.Debug|Any CPU.ActiveCfg = Debug|Any CPU
		{8E8A690D-9263-409A-929B-1F0B43368E42}.Debug|Any CPU.Build.0 = Debug|Any CPU
		{8E8A690D-9263-409A-929B-1F0B43368E42}.Release|Any CPU.ActiveCfg = Release|Any CPU
		{8E8A690D-9263-409A-929B-1F0B43368E42}.Release|Any CPU.Build.0 = Release|Any CPU
		{1C1E306C-00A6-41E6-8CE4-E5D8844B36F8}.Debug|Any CPU.ActiveCfg = Debug|Any CPU
		{1C1E306C-00A6-41E6-8CE4-E5D8844B36F8}.Debug|Any CPU.Build.0 = Debug|Any CPU
		{1C1E306C-00A6-41E6-8CE4-E5D8844B36F8}.Release|Any CPU.ActiveCfg = Release|Any CPU
		{1C1E306C-00A6-41E6-8CE4-E5D8844B36F8}.Release|Any CPU.Build.0 = Release|Any CPU
		{3A0D0A5C-E0B3-497A-BC69-3CB96183DFED}.Debug|Any CPU.ActiveCfg = Debug|Any CPU
		{3A0D0A5C-E0B3-497A-BC69-3CB96183DFED}.Debug|Any CPU.Build.0 = Debug|Any CPU
		{3A0D0A5C-E0B3-497A-BC69-3CB96183DFED}.Release|Any CPU.ActiveCfg = Release|Any CPU
		{3A0D0A5C-E0B3-497A-BC69-3CB96183DFED}.Release|Any CPU.Build.0 = Release|Any CPU
		{9CD9D859-A661-432A-AC0E-63E50504D41E}.Debug|Any CPU.ActiveCfg = Debug|Any CPU
		{9CD9D859-A661-432A-AC0E-63E50504D41E}.Debug|Any CPU.Build.0 = Debug|Any CPU
		{9CD9D859-A661-432A-AC0E-63E50504D41E}.Release|Any CPU.ActiveCfg = Release|Any CPU
		{9CD9D859-A661-432A-AC0E-63E50504D41E}.Release|Any CPU.Build.0 = Release|Any CPU
		{0F421CD3-4278-4AFC-9ED1-5E1E3FD5B17C}.Debug|Any CPU.ActiveCfg = Debug|Any CPU
		{0F421CD3-4278-4AFC-9ED1-5E1E3FD5B17C}.Debug|Any CPU.Build.0 = Debug|Any CPU
		{0F421CD3-4278-4AFC-9ED1-5E1E3FD5B17C}.Release|Any CPU.ActiveCfg = Release|Any CPU
		{0F421CD3-4278-4AFC-9ED1-5E1E3FD5B17C}.Release|Any CPU.Build.0 = Release|Any CPU
	EndGlobalSection
	GlobalSection(SolutionProperties) = preSolution
		HideSolutionNode = FALSE
	EndGlobalSection
	GlobalSection(NestedProjects) = preSolution
		{6F2E68EC-3C45-4366-906C-D9D5DA4F8C76} = {4F02E852-49D6-4333-920C-957D91543563}
		{6ADE5807-BD20-40EF-B1AE-983938D6565A} = {279D08D2-13C8-48C6-BEC5-A7CEFB423AF7}
		{5A921FD0-2D7C-4DAB-86AE-6A5F977DF622} = {396EE36E-9315-4FA9-8A92-793D244A284D}
		{47079741-E90A-4066-AD57-22557399CFE9} = {396EE36E-9315-4FA9-8A92-793D244A284D}
		{012996CC-9991-43BE-8487-EE98D1576C5D} = {396EE36E-9315-4FA9-8A92-793D244A284D}
		{B476E284-5A55-47D8-8971-12C6BD8BC337} = {43D6B14A-B72F-4B35-9C6D-4E95E8BB0FB2}
		{7988DEA2-AF48-4E26-8F91-189A5FE62FAC} = {43D6B14A-B72F-4B35-9C6D-4E95E8BB0FB2}
		{5283A149-29A7-4EFA-9DC8-22142041F91B} = {43D6B14A-B72F-4B35-9C6D-4E95E8BB0FB2}
		{8D6D8F10-FC66-409E-9541-7E8820FA5C3B} = {274D4F01-D417-4B73-9BE6-096681183265}
		{7202024E-9887-47ED-866B-06A6137690B0} = {274D4F01-D417-4B73-9BE6-096681183265}
		{03ED6956-97BD-4009-B050-956CC7848ECF} = {274D4F01-D417-4B73-9BE6-096681183265}
		{DD6A804A-08FD-4B1B-9C00-B4C4568E9237} = {0E5F0E9E-E22E-4062-8EED-68509A818F12}
		{482C5AF9-CAD9-462C-9EAF-E3C6364A185E} = {0E5F0E9E-E22E-4062-8EED-68509A818F12}
		{9B2F05F8-2C0B-425D-89EB-9758263BC77F} = {0E5F0E9E-E22E-4062-8EED-68509A818F12}
		{4BE8DCF1-DB6E-47AE-84E1-C95E2067DC46} = {609FE8D7-C6E8-447C-8637-CE6C5F7E51BC}
		{8E8A690D-9263-409A-929B-1F0B43368E42} = {609FE8D7-C6E8-447C-8637-CE6C5F7E51BC}
		{1C1E306C-00A6-41E6-8CE4-E5D8844B36F8} = {609FE8D7-C6E8-447C-8637-CE6C5F7E51BC}
		{3A0D0A5C-E0B3-497A-BC69-3CB96183DFED} = {43CC5DDF-6723-4123-A4EE-28C89D640685}
		{9CD9D859-A661-432A-AC0E-63E50504D41E} = {43CC5DDF-6723-4123-A4EE-28C89D640685}
		{0F421CD3-4278-4AFC-9ED1-5E1E3FD5B17C} = {43CC5DDF-6723-4123-A4EE-28C89D640685}
	EndGlobalSection
	GlobalSection(ExtensibilityGlobals) = postSolution
		SolutionGuid = {B28A8BDD-CD8D-414C-BA73-F1E226E0B41D}
	EndGlobalSection
EndGlobal
